{
  "nodes": {
    "flakeNimbleLib": {
      "inputs": {
        "nixpkgs": [
          "nixpkgs"
        ]
      },
      "locked": {
        "lastModified": 1646967037,
        "narHash": "sha256-BoEqkGzLVnFICrF15wczZJrfF1vMVngRzF5cEgFzdzU=",
        "owner": "riinr",
        "repo": "nim-flakes-lib",
        "rev": "028e7596fdb918b72a295d220d48417ab2f5dfd1",
        "type": "github"
      },
      "original": {
        "owner": "riinr",
        "ref": "master",
        "repo": "nim-flakes-lib",
        "type": "github"
      }
    },
    "nimcrypto": {
      "inputs": {
        "flakeNimbleLib": [
          "secp256k1-master",
          "flakeNimbleLib"
        ],
        "nimcrypto-master": "nimcrypto-master",
        "nixpkgs": [
          "secp256k1-master",
          "nixpkgs"
        ]
      },
      "locked": {
        "lastModified": 1647398453,
        "narHash": "sha256-13srVv36KwL+EiORfCvngRQbN38bzV40UDqT9tL+vEY=",
        "owner": "nim-nix-pkgs",
        "repo": "nimcrypto",
        "rev": "a0dac7ea19161dfc7f4a437dbb32b453e725ca2f",
        "type": "github"
      },
      "original": {
        "owner": "nim-nix-pkgs",
        "ref": "master",
        "repo": "nimcrypto",
        "type": "github"
      }
    },
    "nimcrypto-master": {
      "inputs": {
        "flakeNimbleLib": [
          "secp256k1-master",
          "nimcrypto",
          "flakeNimbleLib"
        ],
        "nixpkgs": [
          "secp256k1-master",
          "nimcrypto",
          "nixpkgs"
        ],
        "src-nimcrypto-master": "src-nimcrypto-master"
      },
      "locked": {
        "dir": "master",
        "lastModified": 1647311198,
        "narHash": "sha256-8TEWgYWVMGZR1lgReSIXapxR7+LloNSXdgqrZVsKV1M=",
        "owner": "nim-nix-pkgs",
        "repo": "nimcrypto",
        "rev": "4820b7d724f32f9ed9c0de31e7496d8a951fc785",
        "type": "github"
      },
      "original": {
        "dir": "master",
        "owner": "nim-nix-pkgs",
        "ref": "master",
        "repo": "nimcrypto",
        "type": "github"
      }
    },
    "nixpkgs": {
      "locked": {
        "narHash": "sha256-+8mazL4KLh6VltXYJc5+QFA5Q1i+Uh/TadRl9/+qcx8=",
        "path": "/nix/store/gddrvlqs5qf1bp3kc80gp3qg5vm8kj76-source",
        "type": "path"
      },
      "original": {
        "id": "nixpkgs",
        "type": "indirect"
      }
    },
    "root": {
      "inputs": {
        "flakeNimbleLib": "flakeNimbleLib",
        "nixpkgs": "nixpkgs",
        "secp256k1-master": "secp256k1-master"
      }
    },
    "secp256k1-master": {
      "inputs": {
        "flakeNimbleLib": [
          "flakeNimbleLib"
        ],
        "nimcrypto": "nimcrypto",
        "nixpkgs": [
          "nixpkgs"
        ],
        "src-secp256k1-master": "src-secp256k1-master",
        "stew": "stew"
      },
      "locked": {
        "dir": "master",
        "lastModified": 1647312074,
        "narHash": "sha256-9VE169R1KhXKYAa3kEvcwcraTF5m+Uxp5cWUegeXmW8=",
        "owner": "nim-nix-pkgs",
        "repo": "secp256k1",
        "rev": "3d3f512f794cdf7c3b7c6f921d57991a473808c2",
        "type": "github"
      },
      "original": {
        "dir": "master",
        "owner": "nim-nix-pkgs",
        "ref": "master",
        "repo": "secp256k1",
        "type": "github"
      }
    },
    "src-nimcrypto-master": {
      "flake": false,
      "locked": {
        "lastModified": 1624058888,
        "narHash": "sha256-X/NUVtNS05OBrJTqZIPKd0P6Am4JJDtM9htVFpWWgCo=",
        "owner": "cheatfate",
        "repo": "nimcrypto",
        "rev": "a5742a9a214ac33f91615f3862c7b099aec43b00",
        "type": "github"
      },
      "original": {
        "owner": "cheatfate",
        "ref": "refs/heads/master",
        "repo": "nimcrypto",
        "type": "github"
      }
    },
    "src-secp256k1-master": {
      "flake": false,
      "locked": {
        "lastModified": 1641922114,
        "narHash": "sha256-M1GUiXEqac6UfH+LBFnF10OWjO1yX+RDaPas0/i/9uk=",
        "owner": "status-im",
        "repo": "nim-secp256k1",
        "rev": "e092373a5cbe1fa25abfc62e0f2a5f138dc3fb13",
        "type": "github"
      },
      "original": {
        "owner": "status-im",
        "ref": "refs/heads/master",
        "repo": "nim-secp256k1",
        "type": "github"
      }
    },
    "src-stew-master": {
      "flake": false,
      "locked": {
        "lastModified": 1647096412,
        "narHash": "sha256-1mrC/gP9iOhE7tUvuz/yIzcla8rS45j7zNUr9CQiVY4=",
        "owner": "status-im",
        "repo": "nim-stew",
        "rev": "67b43e2dbab200f8e8666c2612755fb0fb27b014",
        "type": "github"
      },
      "original": {
        "owner": "status-im",
        "ref": "refs/heads/master",
        "repo": "nim-stew",
        "type": "github"
      }
    },
    "stew": {
      "inputs": {
        "flakeNimbleLib": [
          "secp256k1-master",
          "flakeNimbleLib"
        ],
        "nixpkgs": [
          "secp256k1-master",
          "nixpkgs"
        ],
        "stew-master": "stew-master"
      },
      "locked": {
        "lastModified": 1647398857,
        "narHash": "sha256-Kz71OVeUl0EKr+tlTFX1oHbbC/ftR9am1zICKtGEuOE=",
        "owner": "nim-nix-pkgs",
        "repo": "stew",
        "rev": "1b27342967e8f3ceb5119fdb071865494d5a24fb",
        "type": "github"
      },
      "original": {
        "owner": "nim-nix-pkgs",
        "ref": "master",
        "repo": "stew",
        "type": "github"
      }
    },
    "stew-master": {
      "inputs": {
        "flakeNimbleLib": [
          "secp256k1-master",
          "stew",
          "flakeNimbleLib"
        ],
        "nixpkgs": [
          "secp256k1-master",
          "stew",
          "nixpkgs"
        ],
        "src-stew-master": "src-stew-master"
      },
      "locked": {
        "dir": "master",
        "lastModified": 1647311455,
        "narHash": "sha256-vXoi1oF5og6067itlav6GXc5VELogTP3Nc0qSPO9oXQ=",
        "owner": "nim-nix-pkgs",
        "repo": "stew",
        "rev": "2f7d2ec11489034fcbf252bcb2d27d1c0a72e333",
        "type": "github"
      },
      "original": {
        "dir": "master",
        "owner": "nim-nix-pkgs",
        "ref": "master",
        "repo": "stew",
        "type": "github"
      }
    }
  },
  "root": "root",
  "version": 7
}
