{
  "nodes": {
    "flakeNimbleLib": {
      "inputs": {
        "nixpkgs": [
          "nixpkgs"
        ]
      },
      "locked": {
        "lastModified": 1662018438,
        "narHash": "sha256-QtNtU6+LX3Wokxf0zlFwKTFOcn6TeDjKQZ+DA9OYtvM=",
        "owner": "riinr",
        "repo": "nim-flakes-lib",
        "rev": "b1fe8340736e3a85d25c709ac3dfd82a55c03cbf",
        "type": "github"
      },
      "original": {
        "owner": "riinr",
        "ref": "master",
        "repo": "nim-flakes-lib",
        "type": "github"
      }
    },
    "nimcrypto": {
      "inputs": {
        "flakeNimbleLib": [
          "flakeNimbleLib"
        ],
        "nixpkgs": [
          "nixpkgs"
        ],
        "src-nimcrypto-master": "src-nimcrypto-master"
      },
      "locked": {
        "dir": "master",
        "lastModified": 1667322481,
        "narHash": "sha256-26Wc0r3uONezpbC9iJ8diBEMyxQME+SRDSCBuvWgX2k=",
        "owner": "nim-nix-pkgs",
        "repo": "nimcrypto",
        "rev": "a15c3b116f317df6f0eac220ee1922be861d6cc4",
        "type": "github"
      },
      "original": {
        "dir": "master",
        "owner": "nim-nix-pkgs",
        "ref": "master",
        "repo": "nimcrypto",
        "type": "github"
      }
    },
    "nixpkgs": {
      "locked": {
        "lastModified": 1667110639,
        "narHash": "sha256-4FbPESZ5LbqQxkJJJBAfk/zKgF9h/4kyUwjjpJwYlbc=",
        "owner": "NixOS",
        "repo": "nixpkgs",
        "rev": "f38a1f04d1bec1feb61fd101a0539ae2002a7087",
        "type": "github"
      },
      "original": {
        "id": "nixpkgs",
        "type": "indirect"
      }
    },
    "root": {
      "inputs": {
        "flakeNimbleLib": "flakeNimbleLib",
        "nimcrypto": "nimcrypto",
        "nixpkgs": "nixpkgs",
        "src-secp256k1-master": "src-secp256k1-master",
        "stew": "stew"
      }
    },
    "src-nimcrypto-master": {
      "flake": false,
      "locked": {
        "lastModified": 1657063458,
        "narHash": "sha256-KHCMS3ElOS0V3cBmsAuRZGivz8bq5WLUKZOHpg7/Kgg=",
        "owner": "cheatfate",
        "repo": "nimcrypto",
        "rev": "24e006df85927f64916e60511620583b11403178",
        "type": "github"
      },
      "original": {
        "owner": "cheatfate",
        "ref": "refs/heads/master",
        "repo": "nimcrypto",
        "type": "github"
      }
    },
    "src-secp256k1-master": {
      "flake": false,
      "locked": {
        "lastModified": 1660922563,
        "narHash": "sha256-R73mLPKGNfAWhuey5HfLDWwdp+deV+DnvitpGI+lA9Y=",
        "owner": "status-im",
        "repo": "nim-secp256k1",
        "rev": "c7f1a37d9b0f17292649bfed8bf6cef83cf4221f",
        "type": "github"
      },
      "original": {
        "owner": "status-im",
        "ref": "refs/heads/master",
        "repo": "nim-secp256k1",
        "type": "github"
      }
    },
    "src-stew-master": {
      "flake": false,
      "locked": {
        "lastModified": 1667072931,
        "narHash": "sha256-Q7hSpolBpptsIFGrG1WT8XpTumBsZ154BwHGTdwYR44=",
        "owner": "status-im",
        "repo": "nim-stew",
        "rev": "23da07c9b59c0ba3d4efa7e4e6e2c4121ae5a156",
        "type": "github"
      },
      "original": {
        "owner": "status-im",
        "ref": "refs/heads/master",
        "repo": "nim-stew",
        "type": "github"
      }
    },
    "stew": {
      "inputs": {
        "flakeNimbleLib": [
          "flakeNimbleLib"
        ],
        "nixpkgs": [
          "nixpkgs"
        ],
        "src-stew-master": "src-stew-master"
      },
      "locked": {
        "dir": "master",
        "lastModified": 1667322708,
        "narHash": "sha256-CffgbXGchsZZ5DOrARLdt8AlJNwgrC7Ox2P4cyzvywc=",
        "owner": "nim-nix-pkgs",
        "repo": "stew",
        "rev": "5e0a06fc59304369481d88d6352646cf5e7ab896",
        "type": "github"
      },
      "original": {
        "dir": "master",
        "owner": "nim-nix-pkgs",
        "ref": "master",
        "repo": "stew",
        "type": "github"
      }
    }
  },
  "root": "root",
  "version": 7
}
