{
  "nodes": {
    "flakeNimbleLib": {
      "inputs": {
        "nixpkgs": [
          "nixpkgs"
        ]
      },
      "locked": {
        "lastModified": 1648105061,
        "narHash": "sha256-Je25qNlH4xrH3+m6vIq6yPvdfQ80FRTwX4JOhrRLduc=",
        "owner": "riinr",
        "repo": "nim-flakes-lib",
        "rev": "f1ec5e2f15b9f717c33b6942ce7cb344ff868522",
        "type": "github"
      },
      "original": {
        "owner": "riinr",
        "ref": "master",
        "repo": "nim-flakes-lib",
        "type": "github"
      }
    },
    "nimcrypto": {
      "inputs": {
        "flakeNimbleLib": [
          "flakeNimbleLib"
        ],
        "nixpkgs": [
          "nixpkgs"
        ],
        "src-nimcrypto-master": "src-nimcrypto-master"
      },
      "locked": {
        "dir": "master",
        "lastModified": 1650750425,
        "narHash": "sha256-gmEuanJDxYK+DGPMh3QNpGit6C/3G9fyDhB/mQfikY0=",
        "owner": "nim-nix-pkgs",
        "repo": "nimcrypto",
        "rev": "c84c49556a90a23e96cbd0a71530be3180bbab54",
        "type": "github"
      },
      "original": {
        "dir": "master",
        "owner": "nim-nix-pkgs",
        "ref": "master",
        "repo": "nimcrypto",
        "type": "github"
      }
    },
    "nixpkgs": {
      "locked": {
        "narHash": "sha256-sK1Ow//80EKE3bAF5d+2gB8vPXw6m5TBk3wSLHvdVe0=",
        "path": "/nix/store/0yqgkbpmsk7ck4s34wk505sfdd9vils4-source",
        "type": "path"
      },
      "original": {
        "id": "nixpkgs",
        "type": "indirect"
      }
    },
    "root": {
      "inputs": {
        "flakeNimbleLib": "flakeNimbleLib",
        "nimcrypto": "nimcrypto",
        "nixpkgs": "nixpkgs",
        "src-secp256k1-master": "src-secp256k1-master",
        "stew": "stew"
      }
    },
    "src-nimcrypto-master": {
      "flake": false,
      "locked": {
        "lastModified": 1624058888,
        "narHash": "sha256-X/NUVtNS05OBrJTqZIPKd0P6Am4JJDtM9htVFpWWgCo=",
        "owner": "cheatfate",
        "repo": "nimcrypto",
        "rev": "a5742a9a214ac33f91615f3862c7b099aec43b00",
        "type": "github"
      },
      "original": {
        "owner": "cheatfate",
        "ref": "refs/heads/master",
        "repo": "nimcrypto",
        "type": "github"
      }
    },
    "src-secp256k1-master": {
      "flake": false,
      "locked": {
        "lastModified": 1641922114,
        "narHash": "sha256-M1GUiXEqac6UfH+LBFnF10OWjO1yX+RDaPas0/i/9uk=",
        "owner": "status-im",
        "repo": "nim-secp256k1",
        "rev": "e092373a5cbe1fa25abfc62e0f2a5f138dc3fb13",
        "type": "github"
      },
      "original": {
        "owner": "status-im",
        "ref": "refs/heads/master",
        "repo": "nim-secp256k1",
        "type": "github"
      }
    },
    "src-stew-master": {
      "flake": false,
      "locked": {
        "lastModified": 1648728270,
        "narHash": "sha256-Nv9hz5vWr5ziMRuQ+H79j23fhA9kLQiaSpwP/WO0eOc=",
        "owner": "status-im",
        "repo": "nim-stew",
        "rev": "cdb1f213d073fd2ecbdaf35a866417657da9294c",
        "type": "github"
      },
      "original": {
        "owner": "status-im",
        "ref": "refs/heads/master",
        "repo": "nim-stew",
        "type": "github"
      }
    },
    "stew": {
      "inputs": {
        "flakeNimbleLib": [
          "flakeNimbleLib"
        ],
        "nixpkgs": [
          "nixpkgs"
        ],
        "src-stew-master": "src-stew-master"
      },
      "locked": {
        "dir": "master",
        "lastModified": 1650754410,
        "narHash": "sha256-Yx/tI82gM0/my0Y4eZ/4FotK1zuDtaSCiCYOXv6YEh0=",
        "owner": "nim-nix-pkgs",
        "repo": "stew",
        "rev": "f6a3b32f0bdecbfb3fd5077f33296fd5724eb593",
        "type": "github"
      },
      "original": {
        "dir": "master",
        "owner": "nim-nix-pkgs",
        "ref": "master",
        "repo": "stew",
        "type": "github"
      }
    }
  },
  "root": "root",
  "version": 7
}
