{
  "nodes": {
    "flakeNimbleLib": {
      "inputs": {
        "nixpkgs": [
          "nixpkgs"
        ]
      },
      "locked": {
        "lastModified": 1647920574,
        "narHash": "sha256-D3ob5QykELhyNcTnISOkjEzLlgXltwON8Ucrz5cpiQI=",
        "owner": "riinr",
        "repo": "nim-flakes-lib",
        "rev": "bfb46a1f762002f07f9d81d93dacd544c6890623",
        "type": "github"
      },
      "original": {
        "owner": "riinr",
        "ref": "master",
        "repo": "nim-flakes-lib",
        "type": "github"
      }
    },
    "nimcrypto": {
      "inputs": {
        "flakeNimbleLib": [
          "flakeNimbleLib"
        ],
        "nimcrypto-master": "nimcrypto-master",
        "nixpkgs": [
          "nixpkgs"
        ]
      },
      "locked": {
        "lastModified": 1647934335,
        "narHash": "sha256-+orjdYZicGbMSE091UwUglPs5X591fCLtefy8Xvhe7o=",
        "owner": "nim-nix-pkgs",
        "repo": "nimcrypto",
        "rev": "23714cbc5ed551fcd10f45467803c5e5bdc383c8",
        "type": "github"
      },
      "original": {
        "owner": "nim-nix-pkgs",
        "ref": "master",
        "repo": "nimcrypto",
        "type": "github"
      }
    },
    "nimcrypto-master": {
      "inputs": {
        "flakeNimbleLib": [
          "nimcrypto",
          "flakeNimbleLib"
        ],
        "nixpkgs": [
          "nimcrypto",
          "nixpkgs"
        ],
        "src-nimcrypto-master": "src-nimcrypto-master"
      },
      "locked": {
        "dir": "master",
        "lastModified": 1647934335,
        "narHash": "sha256-+orjdYZicGbMSE091UwUglPs5X591fCLtefy8Xvhe7o=",
        "owner": "nim-nix-pkgs",
        "repo": "nimcrypto",
        "rev": "23714cbc5ed551fcd10f45467803c5e5bdc383c8",
        "type": "github"
      },
      "original": {
        "dir": "master",
        "owner": "nim-nix-pkgs",
        "ref": "master",
        "repo": "nimcrypto",
        "type": "github"
      }
    },
    "nixpkgs": {
      "locked": {
        "narHash": "sha256-sK1Ow//80EKE3bAF5d+2gB8vPXw6m5TBk3wSLHvdVe0=",
        "path": "/nix/store/0yqgkbpmsk7ck4s34wk505sfdd9vils4-source",
        "type": "path"
      },
      "original": {
        "id": "nixpkgs",
        "type": "indirect"
      }
    },
    "root": {
      "inputs": {
        "flakeNimbleLib": "flakeNimbleLib",
        "nimcrypto": "nimcrypto",
        "nixpkgs": "nixpkgs",
        "src-secp256k1-master": "src-secp256k1-master",
        "stew": "stew"
      }
    },
    "src-nimcrypto-master": {
      "flake": false,
      "locked": {
        "lastModified": 1624058888,
        "narHash": "sha256-X/NUVtNS05OBrJTqZIPKd0P6Am4JJDtM9htVFpWWgCo=",
        "owner": "cheatfate",
        "repo": "nimcrypto",
        "rev": "a5742a9a214ac33f91615f3862c7b099aec43b00",
        "type": "github"
      },
      "original": {
        "owner": "cheatfate",
        "ref": "refs/heads/master",
        "repo": "nimcrypto",
        "type": "github"
      }
    },
    "src-secp256k1-master": {
      "flake": false,
      "locked": {
        "lastModified": 1641922114,
        "narHash": "sha256-M1GUiXEqac6UfH+LBFnF10OWjO1yX+RDaPas0/i/9uk=",
        "owner": "status-im",
        "repo": "nim-secp256k1",
        "rev": "e092373a5cbe1fa25abfc62e0f2a5f138dc3fb13",
        "type": "github"
      },
      "original": {
        "owner": "status-im",
        "ref": "refs/heads/master",
        "repo": "nim-secp256k1",
        "type": "github"
      }
    },
    "src-stew-master": {
      "flake": false,
      "locked": {
        "lastModified": 1647462294,
        "narHash": "sha256-c2oiWeZnbgllgiyneRUXquJsOoG2Iwzn8FK9nabHMjc=",
        "owner": "status-im",
        "repo": "nim-stew",
        "rev": "419903c9a31ab253cf5cf19f24d9a912dc4b5154",
        "type": "github"
      },
      "original": {
        "owner": "status-im",
        "ref": "refs/heads/master",
        "repo": "nim-stew",
        "type": "github"
      }
    },
    "stew": {
      "inputs": {
        "flakeNimbleLib": [
          "flakeNimbleLib"
        ],
        "nixpkgs": [
          "nixpkgs"
        ],
        "stew-master": "stew-master"
      },
      "locked": {
        "lastModified": 1647935004,
        "narHash": "sha256-EsMiaWuoPhnA6uh5Bjo8G1EXDLuQPHI4vXQUbKtUujI=",
        "owner": "nim-nix-pkgs",
        "repo": "stew",
        "rev": "3e60ee9ba32782a5a34ff424b8c8d290b897dcc6",
        "type": "github"
      },
      "original": {
        "owner": "nim-nix-pkgs",
        "ref": "master",
        "repo": "stew",
        "type": "github"
      }
    },
    "stew-master": {
      "inputs": {
        "flakeNimbleLib": [
          "stew",
          "flakeNimbleLib"
        ],
        "nixpkgs": [
          "stew",
          "nixpkgs"
        ],
        "src-stew-master": "src-stew-master"
      },
      "locked": {
        "dir": "master",
        "lastModified": 1647935004,
        "narHash": "sha256-EsMiaWuoPhnA6uh5Bjo8G1EXDLuQPHI4vXQUbKtUujI=",
        "owner": "nim-nix-pkgs",
        "repo": "stew",
        "rev": "3e60ee9ba32782a5a34ff424b8c8d290b897dcc6",
        "type": "github"
      },
      "original": {
        "dir": "master",
        "owner": "nim-nix-pkgs",
        "ref": "master",
        "repo": "stew",
        "type": "github"
      }
    }
  },
  "root": "root",
  "version": 7
}
